
Microsoft Visual Studio Solution File, Format Version 12.00
# Visual Studio Version 17
VisualStudioVersion = 17.9.34723.18
MinimumVisualStudioVersion = 10.0.40219.1
Project("{9A19103F-16F7-4668-BE54-9A1E7A4F7556}") = "AB_game", "AB_game\AB_game.csproj", "{AF6E6812-469C-413A-9A98-70F7B8A59EC2}"
EndProject
Project("{FAE04EC0-301F-11D3-BF4B-00C04F79EFBC}") = "CIS3433", "CIS3433\CIS3433.csproj", "{388F9406-3155-49A5-B599-38A492B33E79}"
EndProject
Global
	GlobalSection(SolutionConfigurationPlatforms) = preSolution
		Debug|Any CPU = Debug|Any CPU
		Release|Any CPU = Release|Any CPU
	EndGlobalSection
	GlobalSection(ProjectConfigurationPlatforms) = postSolution
		{AF6E6812-469C-413A-9A98-70F7B8A59EC2}.Debug|Any CPU.ActiveCfg = Debug|Any CPU
		{AF6E6812-469C-413A-9A98-70F7B8A59EC2}.Debug|Any CPU.Build.0 = Debug|Any CPU
		{AF6E6812-469C-413A-9A98-70F7B8A59EC2}.Release|Any CPU.ActiveCfg = Release|Any CPU
		{AF6E6812-469C-413A-9A98-70F7B8A59EC2}.Release|Any CPU.Build.0 = Release|Any CPU
		{388F9406-3155-49A5-B599-38A492B33E79}.Debug|Any CPU.ActiveCfg = Debug|Any CPU
		{388F9406-3155-49A5-B599-38A492B33E79}.Debug|Any CPU.Build.0 = Debug|Any CPU
		{388F9406-3155-49A5-B599-38A492B33E79}.Release|Any CPU.ActiveCfg = Release|Any CPU
		{388F9406-3155-49A5-B599-38A492B33E79}.Release|Any CPU.Build.0 = Release|Any CPU
	EndGlobalSection
	GlobalSection(SolutionProperties) = preSolution
		HideSolutionNode = FALSE
	EndGlobalSection
	GlobalSection(ExtensibilityGlobals) = postSolution
		SolutionGuid = {2B0A90A2-DB69-470A-9E36-E4C435F9CFEE}
	EndGlobalSection
EndGlobal
